<?xml version="1.0" encoding="utf-8"?>
<Project ToolsVersion="4.0" xmlns="http://schemas.microsoft.com/developer/msbuild/2003">
  <ItemGroup>
    <Filter Include="Source Files">
      <UniqueIdentifier>{4FC737F1-C7A5-4376-A066-2A32D752A2FF}</UniqueIdentifier>
      <Extensions>cpp;c;cc;cxx;def;odl;idl;hpj;bat;asm;asmx</Extensions>
    </Filter>
    <Filter Include="Header Files">
      <UniqueIdentifier>{93995380-89BD-4b04-88EB-625FBE52EBFB}</UniqueIdentifier>
      <Extensions>h;hh;hpp;hxx;hm;inl;inc;ipp;xsd</Extensions>
    </Filter>
    <Filter Include="Resource Files">
      <UniqueIdentifier>{67DA6AB6-F800-4c08-8B7A-83BB121AAD01}</UniqueIdentifier>
      <Extensions>rc;ico;cur;bmp;dlg;rc2;rct;bin;rgs;gif;jpg;jpeg;jpe;resx;tiff;tif;png;wav;mfcribbon-ms</Extensions>
    </Filter>
    <Filter Include="Header Files\EDGE">
      <UniqueIdentifier>{0b0cdd2e-4a52-4d80-983f-21543c69c13d}</UniqueIdentifier>
    </Filter>
    <Filter Include="Header Files\EDGE\Core">
      <UniqueIdentifier>{49dfb7f9-7c9e-443e-93a6-7f2e7698e168}</UniqueIdentifier>
    </Filter>
    <Filter Include="Header Files\EDGE\Core\Math">
      <UniqueIdentifier>{c2a93a42-deeb-4905-998e-8e6c4b5b7397}</UniqueIdentifier>
    </Filter>
    <Filter Include="Header Files\EDGE\Compilation">
      <UniqueIdentifier>{274a9b1a-8ed9-4099-a96e-ce35cc45234b}</UniqueIdentifier>
    </Filter>
  </ItemGroup>
  <ItemGroup>
    <ClInclude Include="stdafx.h">
      <Filter>Header Files</Filter>
    </ClInclude>
    <ClInclude Include="targetver.h">
      <Filter>Header Files</Filter>
    </ClInclude>
    <ClInclude Include="include\EDGE\Core\Math\VectorStringBuilder.hpp">
      <Filter>Header Files\EDGE\Core\Math</Filter>
    </ClInclude>
    <ClInclude Include="include\EDGE\Compilation\API.hpp">
      <Filter>Header Files\EDGE\Compilation</Filter>
    </ClInclude>
    <ClInclude Include="include\EDGE\Core\Math.hpp">
      <Filter>Header Files\EDGE\Core</Filter>
    </ClInclude>
    <ClInclude Include="include\EDGE\Compilation\PrecompiledHeader.hpp">
      <Filter>Header Files\EDGE\Compilation</Filter>
    </ClInclude>
    <ClInclude Include="include\EDGE\Compilation\SFML.hpp">
      <Filter>Header Files</Filter>
    </ClInclude>
    <ClInclude Include="include\EDGE\Core\Math\MathHelper.hpp">
      <Filter>Header Files\EDGE\Core\Math</Filter>
    </ClInclude>
    <ClInclude Include="include\EDGE\Core\IO\Log.hpp">
      <Filter>Header Files</Filter>
    </ClInclude>
    <ClInclude Include="include\EDGE\Core\Math\Random.hpp">
      <Filter>Header Files</Filter>
    </ClInclude>
    <ClInclude Include="include\EDGE\Core\Color.hpp">
      <Filter>Header Files</Filter>
    </ClInclude>
    <ClInclude Include="include\EDGE\Core\EventDispatcher.hpp">
      <Filter>Header Files</Filter>
    </ClInclude>
    <ClInclude Include="include\EDGE\Core\NonCopyable.hpp">
      <Filter>Header Files</Filter>
    </ClInclude>
    <ClInclude Include="include\EDGE\Core\IO\StreamManipulation.hpp">
      <Filter>Header Files</Filter>
    </ClInclude>
    <ClInclude Include="include\EDGE\Core\NonInstantiable.hpp">
      <Filter>Header Files</Filter>
    </ClInclude>
    <ClInclude Include="include\EDGE\Core\TypeTraits.hpp">
      <Filter>Header Files</Filter>
    </ClInclude>
    <ClInclude Include="include\EDGE\Core\Color\ColorHelper.hpp">
      <Filter>Header Files</Filter>
    </ClInclude>
    <ClInclude Include="include\EDGE\Core\Color\ColorSchemeRGBA.hpp">
      <Filter>Header Files</Filter>
    </ClInclude>
  </ItemGroup>
  <ItemGroup>
    <ClCompile Include="stdafx.cpp">
      <Filter>Source Files</Filter>
    </ClCompile>
    <ClCompile Include="src\EDGE\Core\Math\Random.cpp">
      <Filter>Source Files</Filter>
    </ClCompile>
  </ItemGroup>
  <ItemGroup>
    <None Include="include\EDGE\Core\Math\Length.hpp">
      <Filter>Header Files\EDGE\Core\Math</Filter>
    </None>
    <None Include="include\EDGE\Core\Math\Vector2.hpp">
      <Filter>Header Files\EDGE\Core\Math</Filter>
    </None>
    <None Include="include\EDGE\Core\Math\Vector3.hpp">
      <Filter>Header Files\EDGE\Core\Math</Filter>
    </None>
  </ItemGroup>
</Project>